
Microsoft Visual Studio Solution File, Format Version 12.00
# Visual Studio Version 17
VisualStudioVersion = 17.7.34018.315
MinimumVisualStudioVersion = 10.0.40219.1
Project("{FAE04EC0-301F-11D3-BF4B-00C04F79EFBC}") = "GitHubCommit", "GitHubCommit\GitHubCommit.csproj", "{0B8E07BB-9CE9-4952-83A0-D9694BB523B3}"
EndProject
Global
	GlobalSection(SolutionConfigurationPlatforms) = preSolution
		Debug|Any CPU = Debug|Any CPU
		Release|Any CPU = Release|Any CPU
	EndGlobalSection
	GlobalSection(ProjectConfigurationPlatforms) = postSolution
		{0B8E07BB-9CE9-4952-83A0-D9694BB523B3}.Debug|Any CPU.ActiveCfg = Debug|Any CPU
		{0B8E07BB-9CE9-4952-83A0-D9694BB523B3}.Debug|Any CPU.Build.0 = Debug|Any CPU
		{0B8E07BB-9CE9-4952-83A0-D9694BB523B3}.Release|Any CPU.ActiveCfg = Release|Any CPU
		{0B8E07BB-9CE9-4952-83A0-D9694BB523B3}.Release|Any CPU.Build.0 = Release|Any CPU
	EndGlobalSection
	GlobalSection(SolutionProperties) = preSolution
		HideSolutionNode = FALSE
	EndGlobalSection
	GlobalSection(ExtensibilityGlobals) = postSolution
		SolutionGuid = {AB823BF0-3ABF-43EF-A906-8B6B6C114A74}
	EndGlobalSection
EndGlobal
